{
  "version": "4",
  "specifiers": {
    "jsr:@da/bcrypt@1.0.1": "1.0.1",
    "jsr:@oh/utils@1.3.25": "1.3.25",
    "jsr:@oh/yaml@1.1.0": "1.1.0",
    "jsr:@std/cli@*": "1.0.10",
    "jsr:@std/encoding@1.0.5": "1.0.5",
    "jsr:@std/fs@1.0.4": "1.0.4",
    "jsr:@std/path@1.0.6": "1.0.6",
    "jsr:@std/path@^1.0.6": "1.0.6",
    "jsr:@std/yaml@1.0.5": "1.0.5",
    "jsr:@zip-js/zip-js@2.7.53": "2.7.53",
    "npm:dayjs@1.11.13": "1.11.13",
    "npm:prettier@3.4.2": "3.4.2",
    "npm:vite@5.2.14": "5.2.14",
    "npm:vite@6.0.11": "6.0.11"
  },
  "jsr": {
    "@da/bcrypt@1.0.1": {
      "integrity": "d2172d3acbcff52e0465557a1a48b1ff1c92df08c90712dae5372255a8c45eb3"
    },
    "@oh/utils@1.3.25": {
      "integrity": "f07cf9eb17ca99300d94225f5a02b5348f675c9fdd9a16fcd99a0dce71149826",
      "dependencies": [
        "jsr:@da/bcrypt",
        "jsr:@oh/yaml",
        "jsr:@std/encoding",
        "jsr:@std/fs",
        "jsr:@std/path@1.0.6",
        "jsr:@std/yaml",
        "jsr:@zip-js/zip-js",
        "npm:dayjs"
      ]
    },
    "@oh/yaml@1.1.0": {
      "integrity": "57f2f01bf259dff8896fb9d8f4f49e477e6533ccc5cbc4559ebd8410142aeff5",
      "dependencies": [
        "jsr:@std/fs",
        "jsr:@std/path@1.0.6",
        "jsr:@std/yaml"
      ]
    },
    "@std/cli@1.0.10": {
      "integrity": "d047f6f4954a5c2827fe0963765ddd3d8b6cc7b7518682842645b95f571539dc"
    },
    "@std/encoding@1.0.5": {
      "integrity": "ecf363d4fc25bd85bd915ff6733a7e79b67e0e7806334af15f4645c569fefc04"
    },
    "@std/fs@1.0.4": {
      "integrity": "2907d32d8d1d9e540588fd5fe0ec21ee638134bd51df327ad4e443aaef07123c",
      "dependencies": [
        "jsr:@std/path@^1.0.6"
      ]
    },
    "@std/path@1.0.6": {
      "integrity": "ab2c55f902b380cf28e0eec501b4906e4c1960d13f00e11cfbcd21de15f18fed"
    },
    "@std/yaml@1.0.5": {
      "integrity": "71ba3d334305ee2149391931508b2c293a8490f94a337eef3a09cade1a2a2742"
    },
    "@zip-js/zip-js@2.7.53": {
      "integrity": "acea5bd8e01feb3fe4c242cfbde7d33dd5e006549a4eb1d15283bc0c778ed672"
    }
  },
  "npm": {
    "@esbuild/aix-ppc64@0.20.2": {
      "integrity": "sha512-D+EBOJHXdNZcLJRBkhENNG8Wji2kgc9AZ9KiPr1JuZjsNtyHzrsfLRrY0tk2H2aoFu6RANO1y1iPPUCDYWkb5g=="
    },
    "@esbuild/aix-ppc64@0.24.2": {
      "integrity": "sha512-thpVCb/rhxE/BnMLQ7GReQLLN8q9qbHmI55F4489/ByVg2aQaQ6kbcLb6FHkocZzQhxc4gx0sCk0tJkKBFzDhA=="
    },
    "@esbuild/android-arm64@0.20.2": {
      "integrity": "sha512-mRzjLacRtl/tWU0SvD8lUEwb61yP9cqQo6noDZP/O8VkwafSYwZ4yWy24kan8jE/IMERpYncRt2dw438LP3Xmg=="
    },
    "@esbuild/android-arm64@0.24.2": {
      "integrity": "sha512-cNLgeqCqV8WxfcTIOeL4OAtSmL8JjcN6m09XIgro1Wi7cF4t/THaWEa7eL5CMoMBdjoHOTh/vwTO/o2TRXIyzg=="
    },
    "@esbuild/android-arm@0.20.2": {
      "integrity": "sha512-t98Ra6pw2VaDhqNWO2Oph2LXbz/EJcnLmKLGBJwEwXX/JAN83Fym1rU8l0JUWK6HkIbWONCSSatf4sf2NBRx/w=="
    },
    "@esbuild/android-arm@0.24.2": {
      "integrity": "sha512-tmwl4hJkCfNHwFB3nBa8z1Uy3ypZpxqxfTQOcHX+xRByyYgunVbZ9MzUUfb0RxaHIMnbHagwAxuTL+tnNM+1/Q=="
    },
    "@esbuild/android-x64@0.20.2": {
      "integrity": "sha512-btzExgV+/lMGDDa194CcUQm53ncxzeBrWJcncOBxuC6ndBkKxnHdFJn86mCIgTELsooUmwUm9FkhSp5HYu00Rg=="
    },
    "@esbuild/android-x64@0.24.2": {
      "integrity": "sha512-B6Q0YQDqMx9D7rvIcsXfmJfvUYLoP722bgfBlO5cGvNVb5V/+Y7nhBE3mHV9OpxBf4eAS2S68KZztiPaWq4XYw=="
    },
    "@esbuild/darwin-arm64@0.20.2": {
      "integrity": "sha512-4J6IRT+10J3aJH3l1yzEg9y3wkTDgDk7TSDFX+wKFiWjqWp/iCfLIYzGyasx9l0SAFPT1HwSCR+0w/h1ES/MjA=="
    },
    "@esbuild/darwin-arm64@0.24.2": {
      "integrity": "sha512-kj3AnYWc+CekmZnS5IPu9D+HWtUI49hbnyqk0FLEJDbzCIQt7hg7ucF1SQAilhtYpIujfaHr6O0UHlzzSPdOeA=="
    },
    "@esbuild/darwin-x64@0.20.2": {
      "integrity": "sha512-tBcXp9KNphnNH0dfhv8KYkZhjc+H3XBkF5DKtswJblV7KlT9EI2+jeA8DgBjp908WEuYll6pF+UStUCfEpdysA=="
    },
    "@esbuild/darwin-x64@0.24.2": {
      "integrity": "sha512-WeSrmwwHaPkNR5H3yYfowhZcbriGqooyu3zI/3GGpF8AyUdsrrP0X6KumITGA9WOyiJavnGZUwPGvxvwfWPHIA=="
    },
    "@esbuild/freebsd-arm64@0.20.2": {
      "integrity": "sha512-d3qI41G4SuLiCGCFGUrKsSeTXyWG6yem1KcGZVS+3FYlYhtNoNgYrWcvkOoaqMhwXSMrZRl69ArHsGJ9mYdbbw=="
    },
    "@esbuild/freebsd-arm64@0.24.2": {
      "integrity": "sha512-UN8HXjtJ0k/Mj6a9+5u6+2eZ2ERD7Edt1Q9IZiB5UZAIdPnVKDoG7mdTVGhHJIeEml60JteamR3qhsr1r8gXvg=="
    },
    "@esbuild/freebsd-x64@0.20.2": {
      "integrity": "sha512-d+DipyvHRuqEeM5zDivKV1KuXn9WeRX6vqSqIDgwIfPQtwMP4jaDsQsDncjTDDsExT4lR/91OLjRo8bmC1e+Cw=="
    },
    "@esbuild/freebsd-x64@0.24.2": {
      "integrity": "sha512-TvW7wE/89PYW+IevEJXZ5sF6gJRDY/14hyIGFXdIucxCsbRmLUcjseQu1SyTko+2idmCw94TgyaEZi9HUSOe3Q=="
    },
    "@esbuild/linux-arm64@0.20.2": {
      "integrity": "sha512-9pb6rBjGvTFNira2FLIWqDk/uaf42sSyLE8j1rnUpuzsODBq7FvpwHYZxQ/It/8b+QOS1RYfqgGFNLRI+qlq2A=="
    },
    "@esbuild/linux-arm64@0.24.2": {
      "integrity": "sha512-7HnAD6074BW43YvvUmE/35Id9/NB7BeX5EoNkK9obndmZBUk8xmJJeU7DwmUeN7tkysslb2eSl6CTrYz6oEMQg=="
    },
    "@esbuild/linux-arm@0.20.2": {
      "integrity": "sha512-VhLPeR8HTMPccbuWWcEUD1Az68TqaTYyj6nfE4QByZIQEQVWBB8vup8PpR7y1QHL3CpcF6xd5WVBU/+SBEvGTg=="
    },
    "@esbuild/linux-arm@0.24.2": {
      "integrity": "sha512-n0WRM/gWIdU29J57hJyUdIsk0WarGd6To0s+Y+LwvlC55wt+GT/OgkwoXCXvIue1i1sSNWblHEig00GBWiJgfA=="
    },
    "@esbuild/linux-ia32@0.20.2": {
      "integrity": "sha512-o10utieEkNPFDZFQm9CoP7Tvb33UutoJqg3qKf1PWVeeJhJw0Q347PxMvBgVVFgouYLGIhFYG0UGdBumROyiig=="
    },
    "@esbuild/linux-ia32@0.24.2": {
      "integrity": "sha512-sfv0tGPQhcZOgTKO3oBE9xpHuUqguHvSo4jl+wjnKwFpapx+vUDcawbwPNuBIAYdRAvIDBfZVvXprIj3HA+Ugw=="
    },
    "@esbuild/linux-loong64@0.20.2": {
      "integrity": "sha512-PR7sp6R/UC4CFVomVINKJ80pMFlfDfMQMYynX7t1tNTeivQ6XdX5r2XovMmha/VjR1YN/HgHWsVcTRIMkymrgQ=="
    },
    "@esbuild/linux-loong64@0.24.2": {
      "integrity": "sha512-CN9AZr8kEndGooS35ntToZLTQLHEjtVB5n7dl8ZcTZMonJ7CCfStrYhrzF97eAecqVbVJ7APOEe18RPI4KLhwQ=="
    },
    "@esbuild/linux-mips64el@0.20.2": {
      "integrity": "sha512-4BlTqeutE/KnOiTG5Y6Sb/Hw6hsBOZapOVF6njAESHInhlQAghVVZL1ZpIctBOoTFbQyGW+LsVYZ8lSSB3wkjA=="
    },
    "@esbuild/linux-mips64el@0.24.2": {
      "integrity": "sha512-iMkk7qr/wl3exJATwkISxI7kTcmHKE+BlymIAbHO8xanq/TjHaaVThFF6ipWzPHryoFsesNQJPE/3wFJw4+huw=="
    },
    "@esbuild/linux-ppc64@0.20.2": {
      "integrity": "sha512-rD3KsaDprDcfajSKdn25ooz5J5/fWBylaaXkuotBDGnMnDP1Uv5DLAN/45qfnf3JDYyJv/ytGHQaziHUdyzaAg=="
    },
    "@esbuild/linux-ppc64@0.24.2": {
      "integrity": "sha512-shsVrgCZ57Vr2L8mm39kO5PPIb+843FStGt7sGGoqiiWYconSxwTiuswC1VJZLCjNiMLAMh34jg4VSEQb+iEbw=="
    },
    "@esbuild/linux-riscv64@0.20.2": {
      "integrity": "sha512-snwmBKacKmwTMmhLlz/3aH1Q9T8v45bKYGE3j26TsaOVtjIag4wLfWSiZykXzXuE1kbCE+zJRmwp+ZbIHinnVg=="
    },
    "@esbuild/linux-riscv64@0.24.2": {
      "integrity": "sha512-4eSFWnU9Hhd68fW16GD0TINewo1L6dRrB+oLNNbYyMUAeOD2yCK5KXGK1GH4qD/kT+bTEXjsyTCiJGHPZ3eM9Q=="
    },
    "@esbuild/linux-s390x@0.20.2": {
      "integrity": "sha512-wcWISOobRWNm3cezm5HOZcYz1sKoHLd8VL1dl309DiixxVFoFe/o8HnwuIwn6sXre88Nwj+VwZUvJf4AFxkyrQ=="
    },
    "@esbuild/linux-s390x@0.24.2": {
      "integrity": "sha512-S0Bh0A53b0YHL2XEXC20bHLuGMOhFDO6GN4b3YjRLK//Ep3ql3erpNcPlEFed93hsQAjAQDNsvcK+hV90FubSw=="
    },
    "@esbuild/linux-x64@0.20.2": {
      "integrity": "sha512-1MdwI6OOTsfQfek8sLwgyjOXAu+wKhLEoaOLTjbijk6E2WONYpH9ZU2mNtR+lZ2B4uwr+usqGuVfFT9tMtGvGw=="
    },
    "@esbuild/linux-x64@0.24.2": {
      "integrity": "sha512-8Qi4nQcCTbLnK9WoMjdC9NiTG6/E38RNICU6sUNqK0QFxCYgoARqVqxdFmWkdonVsvGqWhmm7MO0jyTqLqwj0Q=="
    },
    "@esbuild/netbsd-arm64@0.24.2": {
      "integrity": "sha512-wuLK/VztRRpMt9zyHSazyCVdCXlpHkKm34WUyinD2lzK07FAHTq0KQvZZlXikNWkDGoT6x3TD51jKQ7gMVpopw=="
    },
    "@esbuild/netbsd-x64@0.20.2": {
      "integrity": "sha512-K8/DhBxcVQkzYc43yJXDSyjlFeHQJBiowJ0uVL6Tor3jGQfSGHNNJcWxNbOI8v5k82prYqzPuwkzHt3J1T1iZQ=="
    },
    "@esbuild/netbsd-x64@0.24.2": {
      "integrity": "sha512-VefFaQUc4FMmJuAxmIHgUmfNiLXY438XrL4GDNV1Y1H/RW3qow68xTwjZKfj/+Plp9NANmzbH5R40Meudu8mmw=="
    },
    "@esbuild/openbsd-arm64@0.24.2": {
      "integrity": "sha512-YQbi46SBct6iKnszhSvdluqDmxCJA+Pu280Av9WICNwQmMxV7nLRHZfjQzwbPs3jeWnuAhE9Jy0NrnJ12Oz+0A=="
    },
    "@esbuild/openbsd-x64@0.20.2": {
      "integrity": "sha512-eMpKlV0SThJmmJgiVyN9jTPJ2VBPquf6Kt/nAoo6DgHAoN57K15ZghiHaMvqjCye/uU4X5u3YSMgVBI1h3vKrQ=="
    },
    "@esbuild/openbsd-x64@0.24.2": {
      "integrity": "sha512-+iDS6zpNM6EnJyWv0bMGLWSWeXGN/HTaF/LXHXHwejGsVi+ooqDfMCCTerNFxEkM3wYVcExkeGXNqshc9iMaOA=="
    },
    "@esbuild/sunos-x64@0.20.2": {
      "integrity": "sha512-2UyFtRC6cXLyejf/YEld4Hajo7UHILetzE1vsRcGL3earZEW77JxrFjH4Ez2qaTiEfMgAXxfAZCm1fvM/G/o8w=="
    },
    "@esbuild/sunos-x64@0.24.2": {
      "integrity": "sha512-hTdsW27jcktEvpwNHJU4ZwWFGkz2zRJUz8pvddmXPtXDzVKTTINmlmga3ZzwcuMpUvLw7JkLy9QLKyGpD2Yxig=="
    },
    "@esbuild/win32-arm64@0.20.2": {
      "integrity": "sha512-GRibxoawM9ZCnDxnP3usoUDO9vUkpAxIIZ6GQI+IlVmr5kP3zUq+l17xELTHMWTWzjxa2guPNyrpq1GWmPvcGQ=="
    },
    "@esbuild/win32-arm64@0.24.2": {
      "integrity": "sha512-LihEQ2BBKVFLOC9ZItT9iFprsE9tqjDjnbulhHoFxYQtQfai7qfluVODIYxt1PgdoyQkz23+01rzwNwYfutxUQ=="
    },
    "@esbuild/win32-ia32@0.20.2": {
      "integrity": "sha512-HfLOfn9YWmkSKRQqovpnITazdtquEW8/SoHW7pWpuEeguaZI4QnCRW6b+oZTztdBnZOS2hqJ6im/D5cPzBTTlQ=="
    },
    "@esbuild/win32-ia32@0.24.2": {
      "integrity": "sha512-q+iGUwfs8tncmFC9pcnD5IvRHAzmbwQ3GPS5/ceCyHdjXubwQWI12MKWSNSMYLJMq23/IUCvJMS76PDqXe1fxA=="
    },
    "@esbuild/win32-x64@0.20.2": {
      "integrity": "sha512-N49X4lJX27+l9jbLKSqZ6bKNjzQvHaT8IIFUy+YIqmXQdjYCToGWwOItDrfby14c78aDd5NHQl29xingXfCdLQ=="
    },
    "@esbuild/win32-x64@0.24.2": {
      "integrity": "sha512-7VTgWzgMGvup6aSqDPLiW5zHaxYJGTO4OokMjIlrCtf+VpEL+cXKtCvg723iguPYI5oaUNdS+/V7OU2gvXVWEg=="
    },
    "@rollup/rollup-android-arm-eabi@4.30.1": {
      "integrity": "sha512-pSWY+EVt3rJ9fQ3IqlrEUtXh3cGqGtPDH1FQlNZehO2yYxCHEX1SPsz1M//NXwYfbTlcKr9WObLnJX9FsS9K1Q=="
    },
    "@rollup/rollup-android-arm64@4.30.1": {
      "integrity": "sha512-/NA2qXxE3D/BRjOJM8wQblmArQq1YoBVJjrjoTSBS09jgUisq7bqxNHJ8kjCHeV21W/9WDGwJEWSN0KQ2mtD/w=="
    },
    "@rollup/rollup-darwin-arm64@4.30.1": {
      "integrity": "sha512-r7FQIXD7gB0WJ5mokTUgUWPl0eYIH0wnxqeSAhuIwvnnpjdVB8cRRClyKLQr7lgzjctkbp5KmswWszlwYln03Q=="
    },
    "@rollup/rollup-darwin-x64@4.30.1": {
      "integrity": "sha512-x78BavIwSH6sqfP2xeI1hd1GpHL8J4W2BXcVM/5KYKoAD3nNsfitQhvWSw+TFtQTLZ9OmlF+FEInEHyubut2OA=="
    },
    "@rollup/rollup-freebsd-arm64@4.30.1": {
      "integrity": "sha512-HYTlUAjbO1z8ywxsDFWADfTRfTIIy/oUlfIDmlHYmjUP2QRDTzBuWXc9O4CXM+bo9qfiCclmHk1x4ogBjOUpUQ=="
    },
    "@rollup/rollup-freebsd-x64@4.30.1": {
      "integrity": "sha512-1MEdGqogQLccphhX5myCJqeGNYTNcmTyaic9S7CG3JhwuIByJ7J05vGbZxsizQthP1xpVx7kd3o31eOogfEirw=="
    },
    "@rollup/rollup-linux-arm-gnueabihf@4.30.1": {
      "integrity": "sha512-PaMRNBSqCx7K3Wc9QZkFx5+CX27WFpAMxJNiYGAXfmMIKC7jstlr32UhTgK6T07OtqR+wYlWm9IxzennjnvdJg=="
    },
    "@rollup/rollup-linux-arm-musleabihf@4.30.1": {
      "integrity": "sha512-B8Rcyj9AV7ZlEFqvB5BubG5iO6ANDsRKlhIxySXcF1axXYUyqwBok+XZPgIYGBgs7LDXfWfifxhw0Ik57T0Yug=="
    },
    "@rollup/rollup-linux-arm64-gnu@4.30.1": {
      "integrity": "sha512-hqVyueGxAj3cBKrAI4aFHLV+h0Lv5VgWZs9CUGqr1z0fZtlADVV1YPOij6AhcK5An33EXaxnDLmJdQikcn5NEw=="
    },
    "@rollup/rollup-linux-arm64-musl@4.30.1": {
      "integrity": "sha512-i4Ab2vnvS1AE1PyOIGp2kXni69gU2DAUVt6FSXeIqUCPIR3ZlheMW3oP2JkukDfu3PsexYRbOiJrY+yVNSk9oA=="
    },
    "@rollup/rollup-linux-loongarch64-gnu@4.30.1": {
      "integrity": "sha512-fARcF5g296snX0oLGkVxPmysetwUk2zmHcca+e9ObOovBR++9ZPOhqFUM61UUZ2EYpXVPN1redgqVoBB34nTpQ=="
    },
    "@rollup/rollup-linux-powerpc64le-gnu@4.30.1": {
      "integrity": "sha512-GLrZraoO3wVT4uFXh67ElpwQY0DIygxdv0BNW9Hkm3X34wu+BkqrDrkcsIapAY+N2ATEbvak0XQ9gxZtCIA5Rw=="
    },
    "@rollup/rollup-linux-riscv64-gnu@4.30.1": {
      "integrity": "sha512-0WKLaAUUHKBtll0wvOmh6yh3S0wSU9+yas923JIChfxOaaBarmb/lBKPF0w/+jTVozFnOXJeRGZ8NvOxvk/jcw=="
    },
    "@rollup/rollup-linux-s390x-gnu@4.30.1": {
      "integrity": "sha512-GWFs97Ruxo5Bt+cvVTQkOJ6TIx0xJDD/bMAOXWJg8TCSTEK8RnFeOeiFTxKniTc4vMIaWvCplMAFBt9miGxgkA=="
    },
    "@rollup/rollup-linux-x64-gnu@4.30.1": {
      "integrity": "sha512-UtgGb7QGgXDIO+tqqJ5oZRGHsDLO8SlpE4MhqpY9Llpzi5rJMvrK6ZGhsRCST2abZdBqIBeXW6WPD5fGK5SDwg=="
    },
    "@rollup/rollup-linux-x64-musl@4.30.1": {
      "integrity": "sha512-V9U8Ey2UqmQsBT+xTOeMzPzwDzyXmnAoO4edZhL7INkwQcaW1Ckv3WJX3qrrp/VHaDkEWIBWhRwP47r8cdrOow=="
    },
    "@rollup/rollup-win32-arm64-msvc@4.30.1": {
      "integrity": "sha512-WabtHWiPaFF47W3PkHnjbmWawnX/aE57K47ZDT1BXTS5GgrBUEpvOzq0FI0V/UYzQJgdb8XlhVNH8/fwV8xDjw=="
    },
    "@rollup/rollup-win32-ia32-msvc@4.30.1": {
      "integrity": "sha512-pxHAU+Zv39hLUTdQQHUVHf4P+0C47y/ZloorHpzs2SXMRqeAWmGghzAhfOlzFHHwjvgokdFAhC4V+6kC1lRRfw=="
    },
    "@rollup/rollup-win32-x64-msvc@4.30.1": {
      "integrity": "sha512-D6qjsXGcvhTjv0kI4fU8tUuBDF/Ueee4SVX79VfNDXZa64TfCW1Slkb6Z7O1p7vflqZjcmOVdZlqf8gvJxc6og=="
    },
    "@types/estree@1.0.6": {
      "integrity": "sha512-AYnb1nQyY49te+VRAVgmzfcgjYS91mY5P0TKUDCLEM+gNnA+3T6rWITXRLYCpahpqSQbN5cE+gHpnPyXjHWxcw=="
    },
    "dayjs@1.11.13": {
      "integrity": "sha512-oaMBel6gjolK862uaPQOVTA7q3TZhuSvuMQAAglQDOWYO9A91IrAOUJEyKVlqJlHE0vq5p5UXxzdPfMH/x6xNg=="
    },
    "esbuild@0.20.2": {
      "integrity": "sha512-WdOOppmUNU+IbZ0PaDiTst80zjnrOkyJNHoKupIcVyU8Lvla3Ugx94VzkQ32Ijqd7UhHJy75gNWDMUekcrSJ6g==",
      "dependencies": [
        "@esbuild/aix-ppc64@0.20.2",
        "@esbuild/android-arm@0.20.2",
        "@esbuild/android-arm64@0.20.2",
        "@esbuild/android-x64@0.20.2",
        "@esbuild/darwin-arm64@0.20.2",
        "@esbuild/darwin-x64@0.20.2",
        "@esbuild/freebsd-arm64@0.20.2",
        "@esbuild/freebsd-x64@0.20.2",
        "@esbuild/linux-arm@0.20.2",
        "@esbuild/linux-arm64@0.20.2",
        "@esbuild/linux-ia32@0.20.2",
        "@esbuild/linux-loong64@0.20.2",
        "@esbuild/linux-mips64el@0.20.2",
        "@esbuild/linux-ppc64@0.20.2",
        "@esbuild/linux-riscv64@0.20.2",
        "@esbuild/linux-s390x@0.20.2",
        "@esbuild/linux-x64@0.20.2",
        "@esbuild/netbsd-x64@0.20.2",
        "@esbuild/openbsd-x64@0.20.2",
        "@esbuild/sunos-x64@0.20.2",
        "@esbuild/win32-arm64@0.20.2",
        "@esbuild/win32-ia32@0.20.2",
        "@esbuild/win32-x64@0.20.2"
      ]
    },
    "esbuild@0.24.2": {
      "integrity": "sha512-+9egpBW8I3CD5XPe0n6BfT5fxLzxrlDzqydF3aviG+9ni1lDC/OvMHcxqEFV0+LANZG5R1bFMWfUrjVsdwxJvA==",
      "dependencies": [
        "@esbuild/aix-ppc64@0.24.2",
        "@esbuild/android-arm@0.24.2",
        "@esbuild/android-arm64@0.24.2",
        "@esbuild/android-x64@0.24.2",
        "@esbuild/darwin-arm64@0.24.2",
        "@esbuild/darwin-x64@0.24.2",
        "@esbuild/freebsd-arm64@0.24.2",
        "@esbuild/freebsd-x64@0.24.2",
        "@esbuild/linux-arm@0.24.2",
        "@esbuild/linux-arm64@0.24.2",
        "@esbuild/linux-ia32@0.24.2",
        "@esbuild/linux-loong64@0.24.2",
        "@esbuild/linux-mips64el@0.24.2",
        "@esbuild/linux-ppc64@0.24.2",
        "@esbuild/linux-riscv64@0.24.2",
        "@esbuild/linux-s390x@0.24.2",
        "@esbuild/linux-x64@0.24.2",
        "@esbuild/netbsd-arm64",
        "@esbuild/netbsd-x64@0.24.2",
        "@esbuild/openbsd-arm64",
        "@esbuild/openbsd-x64@0.24.2",
        "@esbuild/sunos-x64@0.24.2",
        "@esbuild/win32-arm64@0.24.2",
        "@esbuild/win32-ia32@0.24.2",
        "@esbuild/win32-x64@0.24.2"
      ]
    },
    "fsevents@2.3.3": {
      "integrity": "sha512-5xoDfX+fL7faATnagmWPpbFtwh/R77WmMMqqHGS65C3vvB0YHrgF+B1YmZ3441tMj5n63k0212XNoJwzlhffQw=="
    },
    "nanoid@3.3.8": {
      "integrity": "sha512-WNLf5Sd8oZxOm+TzppcYk8gVOgP+l58xNy58D0nbUnOxOWRWvlcCV4kUF7ltmI6PsrLl/BgKEyS4mqsGChFN0w=="
    },
    "picocolors@1.1.1": {
      "integrity": "sha512-xceH2snhtb5M9liqDsmEw56le376mTZkEX/jEb/RxNFyegNul7eNslCXP9FDj/Lcu0X8KEyMceP2ntpaHrDEVA=="
    },
    "postcss@8.5.1": {
      "integrity": "sha512-6oz2beyjc5VMn/KV1pPw8fliQkhBXrVn1Z3TVyqZxU8kZpzEKhBdmCFqI6ZbmGtamQvQGuU1sgPTk8ZrXDD7jQ==",
      "dependencies": [
        "nanoid",
        "picocolors",
        "source-map-js"
      ]
    },
    "prettier@3.4.2": {
      "integrity": "sha512-e9MewbtFo+Fevyuxn/4rrcDAaq0IYxPGLvObpQjiZBMAzB9IGmzlnG9RZy3FFas+eBMu2vA0CszMeduow5dIuQ=="
    },
    "rollup@4.30.1": {
      "integrity": "sha512-mlJ4glW020fPuLi7DkM/lN97mYEZGWeqBnrljzN0gs7GLctqX3lNWxKQ7Gl712UAX+6fog/L3jh4gb7R6aVi3w==",
      "dependencies": [
        "@rollup/rollup-android-arm-eabi",
        "@rollup/rollup-android-arm64",
        "@rollup/rollup-darwin-arm64",
        "@rollup/rollup-darwin-x64",
        "@rollup/rollup-freebsd-arm64",
        "@rollup/rollup-freebsd-x64",
        "@rollup/rollup-linux-arm-gnueabihf",
        "@rollup/rollup-linux-arm-musleabihf",
        "@rollup/rollup-linux-arm64-gnu",
        "@rollup/rollup-linux-arm64-musl",
        "@rollup/rollup-linux-loongarch64-gnu",
        "@rollup/rollup-linux-powerpc64le-gnu",
        "@rollup/rollup-linux-riscv64-gnu",
        "@rollup/rollup-linux-s390x-gnu",
        "@rollup/rollup-linux-x64-gnu",
        "@rollup/rollup-linux-x64-musl",
        "@rollup/rollup-win32-arm64-msvc",
        "@rollup/rollup-win32-ia32-msvc",
        "@rollup/rollup-win32-x64-msvc",
        "@types/estree",
        "fsevents"
      ]
    },
    "source-map-js@1.2.1": {
      "integrity": "sha512-UXWMKhLOwVKb728IUtQPXxfYU+usdybtUrK/8uGE8CQMvrhOpwvzDBwj0QhSL7MQc7vIsISBG8VQ8+IDQxpfQA=="
    },
    "vite@5.2.14": {
      "integrity": "sha512-TFQLuwWLPms+NBNlh0D9LZQ+HXW471COABxw/9TEUBrjuHMo9BrYBPrN/SYAwIuVL+rLerycxiLT41t4f5MZpA==",
      "dependencies": [
        "esbuild@0.20.2",
        "fsevents",
        "postcss",
        "rollup"
      ]
    },
    "vite@6.0.11": {
      "integrity": "sha512-4VL9mQPKoHy4+FE0NnRE/kbY51TOfaknxAjt3fJbGJxhIpBZiqVzlZDEesWWsuREXHwNdAoOFZ9MkPEVXczHwg==",
      "dependencies": [
        "esbuild@0.24.2",
        "fsevents",
        "postcss",
        "rollup"
      ]
    }
  },
  "workspace": {
    "dependencies": [
      "jsr:@oh/utils@1.3.25",
      "jsr:@std/cli@*",
      "npm:vite@5.2.14"
    ],
    "packageJson": {
      "dependencies": [
        "npm:prettier@3.4.2",
        "npm:vite@6.0.11"
      ]
    }
  }
}
