{
  "version": "3",
  "packages": {
    "specifiers": {
      "npm:prettier@3.3.3": "npm:prettier@3.3.3"
    },
    "npm": {
      "prettier@3.3.3": {
        "integrity": "sha512-i2tDNA0O5IrMO757lfrdQZCc2jPNDVntV0m/+4whiDfWaTKfMNgR7Qz0NAeGz/nRqF4m5/6CLzbP4/liHt12Ew==",
        "dependencies": {}
      }
    }
  },
  "remote": {},
  "workspace": {
    "packageJson": {
      "dependencies": [
        "npm:prettier@3.3.3"
      ]
    }
  }
}
