# THIS IS AN AUTOGENERATED FILE. DO NOT EDIT THIS FILE DIRECTLY.
# yarn lockfile v1


prettier@3.4.1:
  version "3.4.1"
  resolved "https://registry.yarnpkg.com/prettier/-/prettier-3.4.1.tgz#e211d451d6452db0a291672ca9154bc8c2579f7b"
  integrity sha512-G+YdqtITVZmOJje6QkXQWzl3fSfMxFwm1tjTyo9exhkmWSqC4Yhd1+lug++IlR2mvRVAxEDDWYkQdeSztajqgg==
